// !$*UTF8*$!
{
	archiveVersion = 1;
	classes = {
	};
	objectVersion = 77;
	objects = {

/* Begin PBXBuildFile section */
		28290C732DDE42D600CB3F14 /* InlineSnapshotTesting in Frameworks */ = {isa = PBXBuildFile; productRef = 28290C722DDE42D600CB3F14 /* InlineSnapshotTesting */; };
		28290C752DDE42D600CB3F14 /* SnapshotTesting in Frameworks */ = {isa = PBXBuildFile; productRef = 28290C742DDE42D600CB3F14 /* SnapshotTesting */; };
		2845C0B72DDB3E76007EA66D /* RecipeFlow.framework in Frameworks */ = {isa = PBXBuildFile; fileRef = 2845C0AC2DDB3E76007EA66D /* RecipeFlow.framework */; };
		286812B72DDB8BEA009CB591 /* Kingfisher in Frameworks */ = {isa = PBXBuildFile; productRef = 286812B62DDB8BEA009CB591 /* Kingfisher */; };
		2886A2962DDC8864000ABF6E /* RecipeCore.framework in Frameworks */ = {isa = PBXBuildFile; fileRef = 2886A2952DDC8864000ABF6E /* RecipeCore.framework */; };
		2886A2972DDC8864000ABF6E /* RecipeCore.framework in Embed Frameworks */ = {isa = PBXBuildFile; fileRef = 2886A2952DDC8864000ABF6E /* RecipeCore.framework */; settings = {ATTRIBUTES = (CodeSignOnCopy, RemoveHeadersOnCopy, ); }; };
		28DB88822DDB4D6B00FD3253 /* RecipeUI.framework in Frameworks */ = {isa = PBXBuildFile; fileRef = 28DB88812DDB4D6B00FD3253 /* RecipeUI.framework */; };
		28DB88832DDB4D6B00FD3253 /* RecipeUI.framework in Embed Frameworks */ = {isa = PBXBuildFile; fileRef = 28DB88812DDB4D6B00FD3253 /* RecipeUI.framework */; settings = {ATTRIBUTES = (CodeSignOnCopy, RemoveHeadersOnCopy, ); }; };
		28DB8A262DDB67C700FD3253 /* RecipeData.framework in Frameworks */ = {isa = PBXBuildFile; fileRef = 28DB8A232DDB67C700FD3253 /* RecipeData.framework */; };
		28DB8A272DDB67C700FD3253 /* RecipeData.framework in Embed Frameworks */ = {isa = PBXBuildFile; fileRef = 28DB8A232DDB67C700FD3253 /* RecipeData.framework */; settings = {ATTRIBUTES = (CodeSignOnCopy, RemoveHeadersOnCopy, ); }; };
		28DB8A282DDB67C700FD3253 /* RecipeDomain.framework in Frameworks */ = {isa = PBXBuildFile; fileRef = 28DB8A242DDB67C700FD3253 /* RecipeDomain.framework */; };
		28DB8A292DDB67C700FD3253 /* RecipeDomain.framework in Embed Frameworks */ = {isa = PBXBuildFile; fileRef = 28DB8A242DDB67C700FD3253 /* RecipeDomain.framework */; settings = {ATTRIBUTES = (CodeSignOnCopy, RemoveHeadersOnCopy, ); }; };
		28DB8A2A2DDB67C700FD3253 /* RecipeNetworking.framework in Frameworks */ = {isa = PBXBuildFile; fileRef = 28DB8A252DDB67C700FD3253 /* RecipeNetworking.framework */; };
		28DB8A2B2DDB67C700FD3253 /* RecipeNetworking.framework in Embed Frameworks */ = {isa = PBXBuildFile; fileRef = 28DB8A252DDB67C700FD3253 /* RecipeNetworking.framework */; settings = {ATTRIBUTES = (CodeSignOnCopy, RemoveHeadersOnCopy, ); }; };
/* End PBXBuildFile section */

/* Begin PBXContainerItemProxy section */
		2845C0B82DDB3E76007EA66D /* PBXContainerItemProxy */ = {
			isa = PBXContainerItemProxy;
			containerPortal = 2845C0A32DDB3E76007EA66D /* Project object */;
			proxyType = 1;
			remoteGlobalIDString = 2845C0AB2DDB3E76007EA66D;
			remoteInfo = RecipeFlow;
		};
/* End PBXContainerItemProxy section */

/* Begin PBXCopyFilesBuildPhase section */
		28DB88842DDB4D6B00FD3253 /* Embed Frameworks */ = {
			isa = PBXCopyFilesBuildPhase;
			buildActionMask = 2147483647;
			dstPath = "";
			dstSubfolderSpec = 10;
			files = (
				28DB8A272DDB67C700FD3253 /* RecipeData.framework in Embed Frameworks */,
				2886A2972DDC8864000ABF6E /* RecipeCore.framework in Embed Frameworks */,
				28DB88832DDB4D6B00FD3253 /* RecipeUI.framework in Embed Frameworks */,
				28DB8A2B2DDB67C700FD3253 /* RecipeNetworking.framework in Embed Frameworks */,
				28DB8A292DDB67C700FD3253 /* RecipeDomain.framework in Embed Frameworks */,
			);
			name = "Embed Frameworks";
			runOnlyForDeploymentPostprocessing = 0;
		};
/* End PBXCopyFilesBuildPhase section */

/* Begin PBXFileReference section */
		2845C0AC2DDB3E76007EA66D /* RecipeFlow.framework */ = {isa = PBXFileReference; explicitFileType = wrapper.framework; includeInIndex = 0; path = RecipeFlow.framework; sourceTree = BUILT_PRODUCTS_DIR; };
		2845C0B62DDB3E76007EA66D /* RecipeFlowTests.xctest */ = {isa = PBXFileReference; explicitFileType = wrapper.cfbundle; includeInIndex = 0; path = RecipeFlowTests.xctest; sourceTree = BUILT_PRODUCTS_DIR; };
		2886A2952DDC8864000ABF6E /* RecipeCore.framework */ = {isa = PBXFileReference; explicitFileType = wrapper.framework; path = RecipeCore.framework; sourceTree = BUILT_PRODUCTS_DIR; };
		28DB88812DDB4D6B00FD3253 /* RecipeUI.framework */ = {isa = PBXFileReference; explicitFileType = wrapper.framework; path = RecipeUI.framework; sourceTree = BUILT_PRODUCTS_DIR; };
		28DB8A232DDB67C700FD3253 /* RecipeData.framework */ = {isa = PBXFileReference; explicitFileType = wrapper.framework; path = RecipeData.framework; sourceTree = BUILT_PRODUCTS_DIR; };
		28DB8A242DDB67C700FD3253 /* RecipeDomain.framework */ = {isa = PBXFileReference; explicitFileType = wrapper.framework; path = RecipeDomain.framework; sourceTree = BUILT_PRODUCTS_DIR; };
		28DB8A252DDB67C700FD3253 /* RecipeNetworking.framework */ = {isa = PBXFileReference; explicitFileType = wrapper.framework; path = RecipeNetworking.framework; sourceTree = BUILT_PRODUCTS_DIR; };
/* End PBXFileReference section */

/* Begin PBXFileSystemSynchronizedBuildFileExceptionSet section */
		2845C0BE2DDB3E76007EA66D /* Exceptions for "RecipeFlow" folder in "RecipeFlow" target */ = {
			isa = PBXFileSystemSynchronizedBuildFileExceptionSet;
			publicHeaders = (
				RecipeFlow.h,
			);
			target = 2845C0AB2DDB3E76007EA66D /* RecipeFlow */;
		};
		28B2B3A72DDE450D001AB4C7 /* Exceptions for "RecipeSnapshotTests" folder in "RecipeFlow" target */ = {
			isa = PBXFileSystemSynchronizedBuildFileExceptionSet;
			membershipExceptions = (
				RecipeListViewSnapTests.swift,
			);
			target = 2845C0AB2DDB3E76007EA66D /* RecipeFlow */;
		};
		28B2B3A92DDE4510001AB4C7 /* Exceptions for "RecipeSnapshotTests" folder in "RecipeFlowTests" target */ = {
			isa = PBXFileSystemSynchronizedBuildFileExceptionSet;
			membershipExceptions = (
				RecipeListViewSnapTests.swift,
			);
			target = 2845C0B52DDB3E76007EA66D /* RecipeFlowTests */;
		};
/* End PBXFileSystemSynchronizedBuildFileExceptionSet section */

/* Begin PBXFileSystemSynchronizedRootGroup section */
		2845C0AE2DDB3E76007EA66D /* RecipeFlow */ = {
			isa = PBXFileSystemSynchronizedRootGroup;
			exceptions = (
				2845C0BE2DDB3E76007EA66D /* Exceptions for "RecipeFlow" folder in "RecipeFlow" target */,
			);
			path = RecipeFlow;
			sourceTree = "<group>";
		};
		2845C0BA2DDB3E76007EA66D /* RecipeFlowTests */ = {
			isa = PBXFileSystemSynchronizedRootGroup;
			path = RecipeFlowTests;
			sourceTree = "<group>";
		};
		28B2B22D2DDE4462001AB4C7 /* RecipeSnapshotTests */ = {
			isa = PBXFileSystemSynchronizedRootGroup;
			exceptions = (
				28B2B3A72DDE450D001AB4C7 /* Exceptions for "RecipeSnapshotTests" folder in "RecipeFlow" target */,
				28B2B3A92DDE4510001AB4C7 /* Exceptions for "RecipeSnapshotTests" folder in "RecipeFlowTests" target */,
			);
			path = RecipeSnapshotTests;
			sourceTree = "<group>";
		};
/* End PBXFileSystemSynchronizedRootGroup section */

/* Begin PBXFrameworksBuildPhase section */
		2845C0A92DDB3E76007EA66D /* Frameworks */ = {
			isa = PBXFrameworksBuildPhase;
			buildActionMask = 2147483647;
			files = (
				28DB8A262DDB67C700FD3253 /* RecipeData.framework in Frameworks */,
				28DB88822DDB4D6B00FD3253 /* RecipeUI.framework in Frameworks */,
				28DB8A2A2DDB67C700FD3253 /* RecipeNetworking.framework in Frameworks */,
				2886A2962DDC8864000ABF6E /* RecipeCore.framework in Frameworks */,
				28DB8A282DDB67C700FD3253 /* RecipeDomain.framework in Frameworks */,
				286812B72DDB8BEA009CB591 /* Kingfisher in Frameworks */,
			);
			runOnlyForDeploymentPostprocessing = 0;
		};
		2845C0B32DDB3E76007EA66D /* Frameworks */ = {
			isa = PBXFrameworksBuildPhase;
			buildActionMask = 2147483647;
			files = (
				28290C752DDE42D600CB3F14 /* SnapshotTesting in Frameworks */,
				28290C732DDE42D600CB3F14 /* InlineSnapshotTesting in Frameworks */,
				2845C0B72DDB3E76007EA66D /* RecipeFlow.framework in Frameworks */,
			);
			runOnlyForDeploymentPostprocessing = 0;
		};
/* End PBXFrameworksBuildPhase section */

/* Begin PBXGroup section */
		2845C0A22DDB3E76007EA66D = {
			isa = PBXGroup;
			children = (
				2845C0AE2DDB3E76007EA66D /* RecipeFlow */,
				2845C0BA2DDB3E76007EA66D /* RecipeFlowTests */,
				28B2B22D2DDE4462001AB4C7 /* RecipeSnapshotTests */,
				28DB88802DDB4D6B00FD3253 /* Frameworks */,
				2845C0AD2DDB3E76007EA66D /* Products */,
			);
			sourceTree = "<group>";
		};
		2845C0AD2DDB3E76007EA66D /* Products */ = {
			isa = PBXGroup;
			children = (
				2845C0AC2DDB3E76007EA66D /* RecipeFlow.framework */,
				2845C0B62DDB3E76007EA66D /* RecipeFlowTests.xctest */,
			);
			name = Products;
			sourceTree = "<group>";
		};
		28DB88802DDB4D6B00FD3253 /* Frameworks */ = {
			isa = PBXGroup;
			children = (
				2886A2952DDC8864000ABF6E /* RecipeCore.framework */,
				28DB8A232DDB67C700FD3253 /* RecipeData.framework */,
				28DB8A242DDB67C700FD3253 /* RecipeDomain.framework */,
				28DB8A252DDB67C700FD3253 /* RecipeNetworking.framework */,
				28DB88812DDB4D6B00FD3253 /* RecipeUI.framework */,
			);
			name = Frameworks;
			sourceTree = "<group>";
		};
/* End PBXGroup section */

/* Begin PBXHeadersBuildPhase section */
		2845C0A72DDB3E76007EA66D /* Headers */ = {
			isa = PBXHeadersBuildPhase;
			buildActionMask = 2147483647;
			files = (
			);
			runOnlyForDeploymentPostprocessing = 0;
		};
/* End PBXHeadersBuildPhase section */

/* Begin PBXNativeTarget section */
		2845C0AB2DDB3E76007EA66D /* RecipeFlow */ = {
			isa = PBXNativeTarget;
			buildConfigurationList = 2845C0BF2DDB3E76007EA66D /* Build configuration list for PBXNativeTarget "RecipeFlow" */;
			buildPhases = (
				2845C0A72DDB3E76007EA66D /* Headers */,
				2845C0A82DDB3E76007EA66D /* Sources */,
				2845C0A92DDB3E76007EA66D /* Frameworks */,
				2845C0AA2DDB3E76007EA66D /* Resources */,
				28DB88842DDB4D6B00FD3253 /* Embed Frameworks */,
			);
			buildRules = (
			);
			dependencies = (
			);
			fileSystemSynchronizedGroups = (
				2845C0AE2DDB3E76007EA66D /* RecipeFlow */,
				28B2B22D2DDE4462001AB4C7 /* RecipeSnapshotTests */,
			);
			name = RecipeFlow;
			packageProductDependencies = (
				286812B62DDB8BEA009CB591 /* Kingfisher */,
			);
			productName = RecipeFlow;
			productReference = 2845C0AC2DDB3E76007EA66D /* RecipeFlow.framework */;
			productType = "com.apple.product-type.framework";
		};
		2845C0B52DDB3E76007EA66D /* RecipeFlowTests */ = {
			isa = PBXNativeTarget;
			buildConfigurationList = 2845C0C42DDB3E76007EA66D /* Build configuration list for PBXNativeTarget "RecipeFlowTests" */;
			buildPhases = (
				2845C0B22DDB3E76007EA66D /* Sources */,
				2845C0B32DDB3E76007EA66D /* Frameworks */,
				2845C0B42DDB3E76007EA66D /* Resources */,
			);
			buildRules = (
			);
			dependencies = (
				2845C0B92DDB3E76007EA66D /* PBXTargetDependency */,
			);
			fileSystemSynchronizedGroups = (
				2845C0BA2DDB3E76007EA66D /* RecipeFlowTests */,
			);
			name = RecipeFlowTests;
			packageProductDependencies = (
				28290C722DDE42D600CB3F14 /* InlineSnapshotTesting */,
				28290C742DDE42D600CB3F14 /* SnapshotTesting */,
			);
			productName = RecipeFlowTests;
			productReference = 2845C0B62DDB3E76007EA66D /* RecipeFlowTests.xctest */;
			productType = "com.apple.product-type.bundle.unit-test";
		};
/* End PBXNativeTarget section */

/* Begin PBXProject section */
		2845C0A32DDB3E76007EA66D /* Project object */ = {
			isa = PBXProject;
			attributes = {
				BuildIndependentTargetsInParallel = 1;
				LastSwiftUpdateCheck = 1620;
				LastUpgradeCheck = 1620;
				TargetAttributes = {
					2845C0AB2DDB3E76007EA66D = {
						CreatedOnToolsVersion = 16.2;
					};
					2845C0B52DDB3E76007EA66D = {
						CreatedOnToolsVersion = 16.2;
					};
				};
			};
			buildConfigurationList = 2845C0A62DDB3E76007EA66D /* Build configuration list for PBXProject "RecipeFlow" */;
			developmentRegion = en;
			hasScannedForEncodings = 0;
			knownRegions = (
				en,
				Base,
			);
			mainGroup = 2845C0A22DDB3E76007EA66D;
			minimizedProjectReferenceProxies = 1;
			packageReferences = (
				286812B52DDB8BEA009CB591 /* XCRemoteSwiftPackageReference "Kingfisher" */,
				28290C712DDE42D600CB3F14 /* XCRemoteSwiftPackageReference "swift-snapshot-testing" */,
			);
			preferredProjectObjectVersion = 77;
			productRefGroup = 2845C0AD2DDB3E76007EA66D /* Products */;
			projectDirPath = "";
			projectRoot = "";
			targets = (
				2845C0AB2DDB3E76007EA66D /* RecipeFlow */,
				2845C0B52DDB3E76007EA66D /* RecipeFlowTests */,
			);
		};
/* End PBXProject section */

/* Begin PBXResourcesBuildPhase section */
		2845C0AA2DDB3E76007EA66D /* Resources */ = {
			isa = PBXResourcesBuildPhase;
			buildActionMask = 2147483647;
			files = (
			);
			runOnlyForDeploymentPostprocessing = 0;
		};
		2845C0B42DDB3E76007EA66D /* Resources */ = {
			isa = PBXResourcesBuildPhase;
			buildActionMask = 2147483647;
			files = (
			);
			runOnlyForDeploymentPostprocessing = 0;
		};
/* End PBXResourcesBuildPhase section */

/* Begin PBXSourcesBuildPhase section */
		2845C0A82DDB3E76007EA66D /* Sources */ = {
			isa = PBXSourcesBuildPhase;
			buildActionMask = 2147483647;
			files = (
			);
			runOnlyForDeploymentPostprocessing = 0;
		};
		2845C0B22DDB3E76007EA66D /* Sources */ = {
			isa = PBXSourcesBuildPhase;
			buildActionMask = 2147483647;
			files = (
			);
			runOnlyForDeploymentPostprocessing = 0;
		};
/* End PBXSourcesBuildPhase section */

/* Begin PBXTargetDependency section */
		2845C0B92DDB3E76007EA66D /* PBXTargetDependency */ = {
			isa = PBXTargetDependency;
			target = 2845C0AB2DDB3E76007EA66D /* RecipeFlow */;
			targetProxy = 2845C0B82DDB3E76007EA66D /* PBXContainerItemProxy */;
		};
/* End PBXTargetDependency section */

/* Begin XCBuildConfiguration section */
		280157282DDDFC2200422DB1 /* Staging */ = {
			isa = XCBuildConfiguration;
			buildSettings = {
				ALWAYS_SEARCH_USER_PATHS = NO;
				ASSETCATALOG_COMPILER_GENERATE_SWIFT_ASSET_SYMBOL_EXTENSIONS = YES;
				CLANG_ANALYZER_NONNULL = YES;
				CLANG_ANALYZER_NUMBER_OBJECT_CONVERSION = YES_AGGRESSIVE;
				CLANG_CXX_LANGUAGE_STANDARD = "gnu++20";
				CLANG_ENABLE_MODULES = YES;
				CLANG_ENABLE_OBJC_ARC = YES;
				CLANG_ENABLE_OBJC_WEAK = YES;
				CLANG_WARN_BLOCK_CAPTURE_AUTORELEASING = YES;
				CLANG_WARN_BOOL_CONVERSION = YES;
				CLANG_WARN_COMMA = YES;
				CLANG_WARN_CONSTANT_CONVERSION = YES;
				CLANG_WARN_DEPRECATED_OBJC_IMPLEMENTATIONS = YES;
				CLANG_WARN_DIRECT_OBJC_ISA_USAGE = YES_ERROR;
				CLANG_WARN_DOCUMENTATION_COMMENTS = YES;
				CLANG_WARN_EMPTY_BODY = YES;
				CLANG_WARN_ENUM_CONVERSION = YES;
				CLANG_WARN_INFINITE_RECURSION = YES;
				CLANG_WARN_INT_CONVERSION = YES;
				CLANG_WARN_NON_LITERAL_NULL_CONVERSION = YES;
				CLANG_WARN_OBJC_IMPLICIT_RETAIN_SELF = YES;
				CLANG_WARN_OBJC_LITERAL_CONVERSION = YES;
				CLANG_WARN_OBJC_ROOT_CLASS = YES_ERROR;
				CLANG_WARN_QUOTED_INCLUDE_IN_FRAMEWORK_HEADER = YES;
				CLANG_WARN_RANGE_LOOP_ANALYSIS = YES;
				CLANG_WARN_STRICT_PROTOTYPES = YES;
				CLANG_WARN_SUSPICIOUS_MOVE = YES;
				CLANG_WARN_UNGUARDED_AVAILABILITY = YES_AGGRESSIVE;
				CLANG_WARN_UNREACHABLE_CODE = YES;
				CLANG_WARN__DUPLICATE_METHOD_MATCH = YES;
				COPY_PHASE_STRIP = NO;
				CURRENT_PROJECT_VERSION = 1;
				DEBUG_INFORMATION_FORMAT = dwarf;
				ENABLE_STRICT_OBJC_MSGSEND = YES;
				ENABLE_TESTABILITY = YES;
				ENABLE_USER_SCRIPT_SANDBOXING = YES;
				GCC_C_LANGUAGE_STANDARD = gnu17;
				GCC_DYNAMIC_NO_PIC = NO;
				GCC_NO_COMMON_BLOCKS = YES;
				GCC_OPTIMIZATION_LEVEL = 0;
				GCC_PREPROCESSOR_DEFINITIONS = (
					"DEBUG=1",
					"$(inherited)",
				);
				GCC_WARN_64_TO_32_BIT_CONVERSION = YES;
				GCC_WARN_ABOUT_RETURN_TYPE = YES_ERROR;
				GCC_WARN_UNDECLARED_SELECTOR = YES;
				GCC_WARN_UNINITIALIZED_AUTOS = YES_AGGRESSIVE;
				GCC_WARN_UNUSED_FUNCTION = YES;
				GCC_WARN_UNUSED_VARIABLE = YES;
				IPHONEOS_DEPLOYMENT_TARGET = 18.2;
				LOCALIZATION_PREFERS_STRING_CATALOGS = YES;
				MTL_ENABLE_DEBUG_INFO = INCLUDE_SOURCE;
				MTL_FAST_MATH = YES;
				ONLY_ACTIVE_ARCH = YES;
				SDKROOT = iphoneos;
				SWIFT_ACTIVE_COMPILATION_CONDITIONS = "DEBUG $(inherited)";
				SWIFT_OPTIMIZATION_LEVEL = "-Onone";
				VERSIONING_SYSTEM = "apple-generic";
				VERSION_INFO_PREFIX = "";
			};
			name = Staging;
		};
		280157292DDDFC2200422DB1 /* Staging */ = {
			isa = XCBuildConfiguration;
			buildSettings = {
				BUILD_LIBRARY_FOR_DISTRIBUTION = NO;
				CODE_SIGN_STYLE = Automatic;
				CURRENT_PROJECT_VERSION = 1;
				DEFINES_MODULE = YES;
				DYLIB_COMPATIBILITY_VERSION = 1;
				DYLIB_CURRENT_VERSION = 1;
				DYLIB_INSTALL_NAME_BASE = "@rpath";
				ENABLE_MODULE_VERIFIER = YES;
				GENERATE_INFOPLIST_FILE = YES;
				INFOPLIST_KEY_NSHumanReadableCopyright = "";
				INSTALL_PATH = "$(LOCAL_LIBRARY_DIR)/Frameworks";
				LD_RUNPATH_SEARCH_PATHS = (
					"$(inherited)",
					"@executable_path/Frameworks",
					"@loader_path/Frameworks",
				);
				MARKETING_VERSION = 1.0;
				MODULE_VERIFIER_SUPPORTED_LANGUAGES = "objective-c objective-c++";
				MODULE_VERIFIER_SUPPORTED_LANGUAGE_STANDARDS = "gnu17 gnu++20";
				PRODUCT_BUNDLE_IDENTIFIER = uk.recipe.RecipeFlow;
				PRODUCT_NAME = "$(TARGET_NAME:c99extidentifier)";
				SKIP_INSTALL = YES;
				SWIFT_EMIT_LOC_STRINGS = YES;
				SWIFT_INSTALL_OBJC_HEADER = NO;
				SWIFT_VERSION = 5.0;
				TARGETED_DEVICE_FAMILY = "1,2";
			};
			name = Staging;
		};
		2801572A2DDDFC2200422DB1 /* Staging */ = {
			isa = XCBuildConfiguration;
			buildSettings = {
				CODE_SIGN_STYLE = Automatic;
				CURRENT_PROJECT_VERSION = 1;
				GENERATE_INFOPLIST_FILE = YES;
				MARKETING_VERSION = 1.0;
				PRODUCT_BUNDLE_IDENTIFIER = uk.recipe.RecipeFlowTests;
				PRODUCT_NAME = "$(TARGET_NAME)";
				SWIFT_EMIT_LOC_STRINGS = NO;
				SWIFT_VERSION = 5.0;
				TARGETED_DEVICE_FAMILY = "1,2";
			};
			name = Staging;
		};
		2845C0C02DDB3E76007EA66D /* Debug */ = {
			isa = XCBuildConfiguration;
			buildSettings = {
				BUILD_LIBRARY_FOR_DISTRIBUTION = NO;
				CODE_SIGN_STYLE = Automatic;
				CURRENT_PROJECT_VERSION = 1;
				DEFINES_MODULE = YES;
				DYLIB_COMPATIBILITY_VERSION = 1;
				DYLIB_CURRENT_VERSION = 1;
				DYLIB_INSTALL_NAME_BASE = "@rpath";
				ENABLE_MODULE_VERIFIER = YES;
				GENERATE_INFOPLIST_FILE = YES;
				INFOPLIST_KEY_NSHumanReadableCopyright = "";
				INSTALL_PATH = "$(LOCAL_LIBRARY_DIR)/Frameworks";
				LD_RUNPATH_SEARCH_PATHS = (
					"$(inherited)",
					"@executable_path/Frameworks",
					"@loader_path/Frameworks",
				);
				MARKETING_VERSION = 1.0;
				MODULE_VERIFIER_SUPPORTED_LANGUAGES = "objective-c objective-c++";
				MODULE_VERIFIER_SUPPORTED_LANGUAGE_STANDARDS = "gnu17 gnu++20";
				PRODUCT_BUNDLE_IDENTIFIER = uk.recipe.RecipeFlow;
				PRODUCT_NAME = "$(TARGET_NAME:c99extidentifier)";
				SKIP_INSTALL = YES;
				SWIFT_EMIT_LOC_STRINGS = YES;
				SWIFT_INSTALL_OBJC_HEADER = NO;
				SWIFT_VERSION = 5.0;
				TARGETED_DEVICE_FAMILY = "1,2";
			};
			name = Debug;
		};
		2845C0C12DDB3E76007EA66D /* Release */ = {
			isa = XCBuildConfiguration;
			buildSettings = {
				BUILD_LIBRARY_FOR_DISTRIBUTION = NO;
				CODE_SIGN_STYLE = Automatic;
				CURRENT_PROJECT_VERSION = 1;
				DEFINES_MODULE = YES;
				DYLIB_COMPATIBILITY_VERSION = 1;
				DYLIB_CURRENT_VERSION = 1;
				DYLIB_INSTALL_NAME_BASE = "@rpath";
				ENABLE_MODULE_VERIFIER = YES;
				GENERATE_INFOPLIST_FILE = YES;
				INFOPLIST_KEY_NSHumanReadableCopyright = "";
				INSTALL_PATH = "$(LOCAL_LIBRARY_DIR)/Frameworks";
				LD_RUNPATH_SEARCH_PATHS = (
					"$(inherited)",
					"@executable_path/Frameworks",
					"@loader_path/Frameworks",
				);
				MARKETING_VERSION = 1.0;
				MODULE_VERIFIER_SUPPORTED_LANGUAGES = "objective-c objective-c++";
				MODULE_VERIFIER_SUPPORTED_LANGUAGE_STANDARDS = "gnu17 gnu++20";
				PRODUCT_BUNDLE_IDENTIFIER = uk.recipe.RecipeFlow;
				PRODUCT_NAME = "$(TARGET_NAME:c99extidentifier)";
				SKIP_INSTALL = YES;
				SWIFT_EMIT_LOC_STRINGS = YES;
				SWIFT_INSTALL_OBJC_HEADER = NO;
				SWIFT_VERSION = 5.0;
				TARGETED_DEVICE_FAMILY = "1,2";
			};
			name = Release;
		};
		2845C0C22DDB3E76007EA66D /* Debug */ = {
			isa = XCBuildConfiguration;
			buildSettings = {
				ALWAYS_SEARCH_USER_PATHS = NO;
				ASSETCATALOG_COMPILER_GENERATE_SWIFT_ASSET_SYMBOL_EXTENSIONS = YES;
				CLANG_ANALYZER_NONNULL = YES;
				CLANG_ANALYZER_NUMBER_OBJECT_CONVERSION = YES_AGGRESSIVE;
				CLANG_CXX_LANGUAGE_STANDARD = "gnu++20";
				CLANG_ENABLE_MODULES = YES;
				CLANG_ENABLE_OBJC_ARC = YES;
				CLANG_ENABLE_OBJC_WEAK = YES;
				CLANG_WARN_BLOCK_CAPTURE_AUTORELEASING = YES;
				CLANG_WARN_BOOL_CONVERSION = YES;
				CLANG_WARN_COMMA = YES;
				CLANG_WARN_CONSTANT_CONVERSION = YES;
				CLANG_WARN_DEPRECATED_OBJC_IMPLEMENTATIONS = YES;
				CLANG_WARN_DIRECT_OBJC_ISA_USAGE = YES_ERROR;
				CLANG_WARN_DOCUMENTATION_COMMENTS = YES;
				CLANG_WARN_EMPTY_BODY = YES;
				CLANG_WARN_ENUM_CONVERSION = YES;
				CLANG_WARN_INFINITE_RECURSION = YES;
				CLANG_WARN_INT_CONVERSION = YES;
				CLANG_WARN_NON_LITERAL_NULL_CONVERSION = YES;
				CLANG_WARN_OBJC_IMPLICIT_RETAIN_SELF = YES;
				CLANG_WARN_OBJC_LITERAL_CONVERSION = YES;
				CLANG_WARN_OBJC_ROOT_CLASS = YES_ERROR;
				CLANG_WARN_QUOTED_INCLUDE_IN_FRAMEWORK_HEADER = YES;
				CLANG_WARN_RANGE_LOOP_ANALYSIS = YES;
				CLANG_WARN_STRICT_PROTOTYPES = YES;
				CLANG_WARN_SUSPICIOUS_MOVE = YES;
				CLANG_WARN_UNGUARDED_AVAILABILITY = YES_AGGRESSIVE;
				CLANG_WARN_UNREACHABLE_CODE = YES;
				CLANG_WARN__DUPLICATE_METHOD_MATCH = YES;
				COPY_PHASE_STRIP = NO;
				CURRENT_PROJECT_VERSION = 1;
				DEBUG_INFORMATION_FORMAT = dwarf;
				ENABLE_STRICT_OBJC_MSGSEND = YES;
				ENABLE_TESTABILITY = YES;
				ENABLE_USER_SCRIPT_SANDBOXING = YES;
				GCC_C_LANGUAGE_STANDARD = gnu17;
				GCC_DYNAMIC_NO_PIC = NO;
				GCC_NO_COMMON_BLOCKS = YES;
				GCC_OPTIMIZATION_LEVEL = 0;
				GCC_PREPROCESSOR_DEFINITIONS = (
					"DEBUG=1",
					"$(inherited)",
				);
				GCC_WARN_64_TO_32_BIT_CONVERSION = YES;
				GCC_WARN_ABOUT_RETURN_TYPE = YES_ERROR;
				GCC_WARN_UNDECLARED_SELECTOR = YES;
				GCC_WARN_UNINITIALIZED_AUTOS = YES_AGGRESSIVE;
				GCC_WARN_UNUSED_FUNCTION = YES;
				GCC_WARN_UNUSED_VARIABLE = YES;
				IPHONEOS_DEPLOYMENT_TARGET = 18.2;
				LOCALIZATION_PREFERS_STRING_CATALOGS = YES;
				MTL_ENABLE_DEBUG_INFO = INCLUDE_SOURCE;
				MTL_FAST_MATH = YES;
				ONLY_ACTIVE_ARCH = YES;
				SDKROOT = iphoneos;
				SWIFT_ACTIVE_COMPILATION_CONDITIONS = "DEBUG $(inherited)";
				SWIFT_OPTIMIZATION_LEVEL = "-Onone";
				VERSIONING_SYSTEM = "apple-generic";
				VERSION_INFO_PREFIX = "";
			};
			name = Debug;
		};
		2845C0C32DDB3E76007EA66D /* Release */ = {
			isa = XCBuildConfiguration;
			buildSettings = {
				ALWAYS_SEARCH_USER_PATHS = NO;
				ASSETCATALOG_COMPILER_GENERATE_SWIFT_ASSET_SYMBOL_EXTENSIONS = YES;
				CLANG_ANALYZER_NONNULL = YES;
				CLANG_ANALYZER_NUMBER_OBJECT_CONVERSION = YES_AGGRESSIVE;
				CLANG_CXX_LANGUAGE_STANDARD = "gnu++20";
				CLANG_ENABLE_MODULES = YES;
				CLANG_ENABLE_OBJC_ARC = YES;
				CLANG_ENABLE_OBJC_WEAK = YES;
				CLANG_WARN_BLOCK_CAPTURE_AUTORELEASING = YES;
				CLANG_WARN_BOOL_CONVERSION = YES;
				CLANG_WARN_COMMA = YES;
				CLANG_WARN_CONSTANT_CONVERSION = YES;
				CLANG_WARN_DEPRECATED_OBJC_IMPLEMENTATIONS = YES;
				CLANG_WARN_DIRECT_OBJC_ISA_USAGE = YES_ERROR;
				CLANG_WARN_DOCUMENTATION_COMMENTS = YES;
				CLANG_WARN_EMPTY_BODY = YES;
				CLANG_WARN_ENUM_CONVERSION = YES;
				CLANG_WARN_INFINITE_RECURSION = YES;
				CLANG_WARN_INT_CONVERSION = YES;
				CLANG_WARN_NON_LITERAL_NULL_CONVERSION = YES;
				CLANG_WARN_OBJC_IMPLICIT_RETAIN_SELF = YES;
				CLANG_WARN_OBJC_LITERAL_CONVERSION = YES;
				CLANG_WARN_OBJC_ROOT_CLASS = YES_ERROR;
				CLANG_WARN_QUOTED_INCLUDE_IN_FRAMEWORK_HEADER = YES;
				CLANG_WARN_RANGE_LOOP_ANALYSIS = YES;
				CLANG_WARN_STRICT_PROTOTYPES = YES;
				CLANG_WARN_SUSPICIOUS_MOVE = YES;
				CLANG_WARN_UNGUARDED_AVAILABILITY = YES_AGGRESSIVE;
				CLANG_WARN_UNREACHABLE_CODE = YES;
				CLANG_WARN__DUPLICATE_METHOD_MATCH = YES;
				COPY_PHASE_STRIP = NO;
				CURRENT_PROJECT_VERSION = 1;
				DEBUG_INFORMATION_FORMAT = "dwarf-with-dsym";
				ENABLE_NS_ASSERTIONS = NO;
				ENABLE_STRICT_OBJC_MSGSEND = YES;
				ENABLE_USER_SCRIPT_SANDBOXING = YES;
				GCC_C_LANGUAGE_STANDARD = gnu17;
				GCC_NO_COMMON_BLOCKS = YES;
				GCC_WARN_64_TO_32_BIT_CONVERSION = YES;
				GCC_WARN_ABOUT_RETURN_TYPE = YES_ERROR;
				GCC_WARN_UNDECLARED_SELECTOR = YES;
				GCC_WARN_UNINITIALIZED_AUTOS = YES_AGGRESSIVE;
				GCC_WARN_UNUSED_FUNCTION = YES;
				GCC_WARN_UNUSED_VARIABLE = YES;
				IPHONEOS_DEPLOYMENT_TARGET = 18.2;
				LOCALIZATION_PREFERS_STRING_CATALOGS = YES;
				MTL_ENABLE_DEBUG_INFO = NO;
				MTL_FAST_MATH = YES;
				SDKROOT = iphoneos;
				SWIFT_COMPILATION_MODE = wholemodule;
				VALIDATE_PRODUCT = YES;
				VERSIONING_SYSTEM = "apple-generic";
				VERSION_INFO_PREFIX = "";
			};
			name = Release;
		};
		2845C0C52DDB3E76007EA66D /* Debug */ = {
			isa = XCBuildConfiguration;
			buildSettings = {
				CODE_SIGN_STYLE = Automatic;
				CURRENT_PROJECT_VERSION = 1;
				GENERATE_INFOPLIST_FILE = YES;
				MARKETING_VERSION = 1.0;
				PRODUCT_BUNDLE_IDENTIFIER = uk.recipe.RecipeFlowTests;
				PRODUCT_NAME = "$(TARGET_NAME)";
				SWIFT_EMIT_LOC_STRINGS = NO;
				SWIFT_VERSION = 5.0;
				TARGETED_DEVICE_FAMILY = "1,2";
			};
			name = Debug;
		};
		2845C0C62DDB3E76007EA66D /* Release */ = {
			isa = XCBuildConfiguration;
			buildSettings = {
				CODE_SIGN_STYLE = Automatic;
				CURRENT_PROJECT_VERSION = 1;
				GENERATE_INFOPLIST_FILE = YES;
				MARKETING_VERSION = 1.0;
				PRODUCT_BUNDLE_IDENTIFIER = uk.recipe.RecipeFlowTests;
				PRODUCT_NAME = "$(TARGET_NAME)";
				SWIFT_EMIT_LOC_STRINGS = NO;
				SWIFT_VERSION = 5.0;
				TARGETED_DEVICE_FAMILY = "1,2";
			};
			name = Release;
		};
/* End XCBuildConfiguration section */

/* Begin XCConfigurationList section */
		2845C0A62DDB3E76007EA66D /* Build configuration list for PBXProject "RecipeFlow" */ = {
			isa = XCConfigurationList;
			buildConfigurations = (
				2845C0C22DDB3E76007EA66D /* Debug */,
				280157282DDDFC2200422DB1 /* Staging */,
				2845C0C32DDB3E76007EA66D /* Release */,
			);
			defaultConfigurationIsVisible = 0;
			defaultConfigurationName = Release;
		};
		2845C0BF2DDB3E76007EA66D /* Build configuration list for PBXNativeTarget "RecipeFlow" */ = {
			isa = XCConfigurationList;
			buildConfigurations = (
				2845C0C02DDB3E76007EA66D /* Debug */,
				280157292DDDFC2200422DB1 /* Staging */,
				2845C0C12DDB3E76007EA66D /* Release */,
			);
			defaultConfigurationIsVisible = 0;
			defaultConfigurationName = Release;
		};
		2845C0C42DDB3E76007EA66D /* Build configuration list for PBXNativeTarget "RecipeFlowTests" */ = {
			isa = XCConfigurationList;
			buildConfigurations = (
				2845C0C52DDB3E76007EA66D /* Debug */,
				2801572A2DDDFC2200422DB1 /* Staging */,
				2845C0C62DDB3E76007EA66D /* Release */,
			);
			defaultConfigurationIsVisible = 0;
			defaultConfigurationName = Release;
		};
/* End XCConfigurationList section */

/* Begin XCRemoteSwiftPackageReference section */
		28290C712DDE42D600CB3F14 /* XCRemoteSwiftPackageReference "swift-snapshot-testing" */ = {
			isa = XCRemoteSwiftPackageReference;
			repositoryURL = "https://github.com/pointfreeco/swift-snapshot-testing.git";
			requirement = {
				kind = exactVersion;
				version = 1.16.0;
			};
		};
		286812B52DDB8BEA009CB591 /* XCRemoteSwiftPackageReference "Kingfisher" */ = {
			isa = XCRemoteSwiftPackageReference;
			repositoryURL = "https://github.com/onevcat/Kingfisher";
			requirement = {
				kind = upToNextMajorVersion;
				minimumVersion = 8.3.2;
			};
		};
/* End XCRemoteSwiftPackageReference section */

/* Begin XCSwiftPackageProductDependency section */
		28290C722DDE42D600CB3F14 /* InlineSnapshotTesting */ = {
			isa = XCSwiftPackageProductDependency;
			package = 28290C712DDE42D600CB3F14 /* XCRemoteSwiftPackageReference "swift-snapshot-testing" */;
			productName = InlineSnapshotTesting;
		};
		28290C742DDE42D600CB3F14 /* SnapshotTesting */ = {
			isa = XCSwiftPackageProductDependency;
			package = 28290C712DDE42D600CB3F14 /* XCRemoteSwiftPackageReference "swift-snapshot-testing" */;
			productName = SnapshotTesting;
		};
		286812B62DDB8BEA009CB591 /* Kingfisher */ = {
			isa = XCSwiftPackageProductDependency;
			package = 286812B52DDB8BEA009CB591 /* XCRemoteSwiftPackageReference "Kingfisher" */;
			productName = Kingfisher;
		};
/* End XCSwiftPackageProductDependency section */
	};
	rootObject = 2845C0A32DDB3E76007EA66D /* Project object */;
}
