// !$*UTF8*$!
{
	archiveVersion = 1;
	classes = {
	};
	objectVersion = 77;
	objects = {

/* Begin PBXBuildFile section */
		282279DA2D73DF7F00583E2C /* Kingfisher in Frameworks */ = {isa = PBXBuildFile; productRef = 282279D92D73DF7F00583E2C /* Kingfisher */; };
		284528BB2D7C54430095C793 /* InlineSnapshotTesting in Frameworks */ = {isa = PBXBuildFile; productRef = 284528BA2D7C54430095C793 /* InlineSnapshotTesting */; };
		284528BD2D7C54430095C793 /* SnapshotTesting in Frameworks */ = {isa = PBXBuildFile; productRef = 284528BC2D7C54430095C793 /* SnapshotTesting */; };
		286812762DDB713A009CB591 /* RecipeFlow.framework in Frameworks */ = {isa = PBXBuildFile; fileRef = 286812752DDB713A009CB591 /* RecipeFlow.framework */; };
		286812772DDB713A009CB591 /* RecipeFlow.framework in Embed Frameworks */ = {isa = PBXBuildFile; fileRef = 286812752DDB713A009CB591 /* RecipeFlow.framework */; settings = {ATTRIBUTES = (CodeSignOnCopy, RemoveHeadersOnCopy, ); }; };
		2886A2902DDC7E8A000ABF6E /* RecipeData.framework in Frameworks */ = {isa = PBXBuildFile; fileRef = 2868125E2DDB694F009CB591 /* RecipeData.framework */; };
		2886A2912DDC7E8A000ABF6E /* RecipeData.framework in Embed Frameworks */ = {isa = PBXBuildFile; fileRef = 2868125E2DDB694F009CB591 /* RecipeData.framework */; settings = {ATTRIBUTES = (CodeSignOnCopy, RemoveHeadersOnCopy, ); }; };
		2886A2932DDC884C000ABF6E /* RecipeCore.framework in Frameworks */ = {isa = PBXBuildFile; fileRef = 2886A2922DDC884C000ABF6E /* RecipeCore.framework */; };
		2886A2942DDC884C000ABF6E /* RecipeCore.framework in Embed Frameworks */ = {isa = PBXBuildFile; fileRef = 2886A2922DDC884C000ABF6E /* RecipeCore.framework */; settings = {ATTRIBUTES = (CodeSignOnCopy, RemoveHeadersOnCopy, ); }; };
		2886A3682DDD0F28000ABF6E /* RecipeNetworking.framework in Frameworks */ = {isa = PBXBuildFile; fileRef = 2886A3672DDD0F28000ABF6E /* RecipeNetworking.framework */; };
		2886A3692DDD0F28000ABF6E /* RecipeNetworking.framework in Embed Frameworks */ = {isa = PBXBuildFile; fileRef = 2886A3672DDD0F28000ABF6E /* RecipeNetworking.framework */; settings = {ATTRIBUTES = (CodeSignOnCopy, RemoveHeadersOnCopy, ); }; };
		28DB86E12DDB41E900FD3253 /* RecipeUI.framework in Frameworks */ = {isa = PBXBuildFile; fileRef = 28DB86E02DDB41E900FD3253 /* RecipeUI.framework */; };
		28DB86E22DDB41E900FD3253 /* RecipeUI.framework in Embed Frameworks */ = {isa = PBXBuildFile; fileRef = 28DB86E02DDB41E900FD3253 /* RecipeUI.framework */; settings = {ATTRIBUTES = (CodeSignOnCopy, RemoveHeadersOnCopy, ); }; };
/* End PBXBuildFile section */

/* Begin PBXContainerItemProxy section */
		282279BC2D73DE5700583E2C /* PBXContainerItemProxy */ = {
			isa = PBXContainerItemProxy;
			containerPortal = 282279A32D73DE5500583E2C /* Project object */;
			proxyType = 1;
			remoteGlobalIDString = 282279AA2D73DE5500583E2C;
			remoteInfo = Recipes;
		};
		282279C62D73DE5700583E2C /* PBXContainerItemProxy */ = {
			isa = PBXContainerItemProxy;
			containerPortal = 282279A32D73DE5500583E2C /* Project object */;
			proxyType = 1;
			remoteGlobalIDString = 282279AA2D73DE5500583E2C;
			remoteInfo = Recipes;
		};
/* End PBXContainerItemProxy section */

/* Begin PBXCopyFilesBuildPhase section */
		28DB86E32DDB41E900FD3253 /* Embed Frameworks */ = {
			isa = PBXCopyFilesBuildPhase;
			buildActionMask = 2147483647;
			dstPath = "";
			dstSubfolderSpec = 10;
			files = (
				286812772DDB713A009CB591 /* RecipeFlow.framework in Embed Frameworks */,
				2886A3692DDD0F28000ABF6E /* RecipeNetworking.framework in Embed Frameworks */,
				2886A2942DDC884C000ABF6E /* RecipeCore.framework in Embed Frameworks */,
				28DB86E22DDB41E900FD3253 /* RecipeUI.framework in Embed Frameworks */,
				2886A2912DDC7E8A000ABF6E /* RecipeData.framework in Embed Frameworks */,
			);
			name = "Embed Frameworks";
			runOnlyForDeploymentPostprocessing = 0;
		};
/* End PBXCopyFilesBuildPhase section */

/* Begin PBXFileReference section */
		282279AB2D73DE5500583E2C /* Recipes.app */ = {isa = PBXFileReference; explicitFileType = wrapper.application; includeInIndex = 0; path = Recipes.app; sourceTree = BUILT_PRODUCTS_DIR; };
		282279BB2D73DE5700583E2C /* RecipesTests.xctest */ = {isa = PBXFileReference; explicitFileType = wrapper.cfbundle; includeInIndex = 0; path = RecipesTests.xctest; sourceTree = BUILT_PRODUCTS_DIR; };
		282279C52D73DE5700583E2C /* RecipesUITests.xctest */ = {isa = PBXFileReference; explicitFileType = wrapper.cfbundle; includeInIndex = 0; path = RecipesUITests.xctest; sourceTree = BUILT_PRODUCTS_DIR; };
		2845C2CF2DDB40C0007EA66D /* RecipeData.framework */ = {isa = PBXFileReference; explicitFileType = wrapper.framework; path = RecipeData.framework; sourceTree = BUILT_PRODUCTS_DIR; };
		2845C2D02DDB40C0007EA66D /* RecipeDomain.framework */ = {isa = PBXFileReference; explicitFileType = wrapper.framework; path = RecipeDomain.framework; sourceTree = BUILT_PRODUCTS_DIR; };
		2845C2D12DDB40C0007EA66D /* RecipeFlow.framework */ = {isa = PBXFileReference; explicitFileType = wrapper.framework; path = RecipeFlow.framework; sourceTree = BUILT_PRODUCTS_DIR; };
		2845C2D22DDB40C0007EA66D /* RecipeNetworking.framework */ = {isa = PBXFileReference; explicitFileType = wrapper.framework; path = RecipeNetworking.framework; sourceTree = BUILT_PRODUCTS_DIR; };
		2845C2D32DDB40C0007EA66D /* RecipeUI.framework */ = {isa = PBXFileReference; explicitFileType = wrapper.framework; path = RecipeUI.framework; sourceTree = BUILT_PRODUCTS_DIR; };
		2868125E2DDB694F009CB591 /* RecipeData.framework */ = {isa = PBXFileReference; explicitFileType = wrapper.framework; path = RecipeData.framework; sourceTree = BUILT_PRODUCTS_DIR; };
		286812752DDB713A009CB591 /* RecipeFlow.framework */ = {isa = PBXFileReference; explicitFileType = wrapper.framework; path = RecipeFlow.framework; sourceTree = BUILT_PRODUCTS_DIR; };
		2886A2922DDC884C000ABF6E /* RecipeCore.framework */ = {isa = PBXFileReference; explicitFileType = wrapper.framework; path = RecipeCore.framework; sourceTree = BUILT_PRODUCTS_DIR; };
		2886A3672DDD0F28000ABF6E /* RecipeNetworking.framework */ = {isa = PBXFileReference; explicitFileType = wrapper.framework; path = RecipeNetworking.framework; sourceTree = BUILT_PRODUCTS_DIR; };
		28DB86E02DDB41E900FD3253 /* RecipeUI.framework */ = {isa = PBXFileReference; explicitFileType = wrapper.framework; path = RecipeUI.framework; sourceTree = BUILT_PRODUCTS_DIR; };
/* End PBXFileReference section */

/* Begin PBXFileSystemSynchronizedBuildFileExceptionSet section */
		2858F41E2D7C4C6200F211D0 /* Exceptions for "SnapshotTests" folder in "RecipesTests" target */ = {
			isa = PBXFileSystemSynchronizedBuildFileExceptionSet;
			membershipExceptions = (
				"Extensions/SwiftUI+Snapshot.swift",
				Recipe/RecipeDetailViewTests.swift,
			);
			target = 282279BA2D73DE5700583E2C /* RecipesTests */;
		};
		289615792DDDD497007A77AD /* Exceptions for "Recipes" folder in "Recipes" target */ = {
			isa = PBXFileSystemSynchronizedBuildFileExceptionSet;
			membershipExceptions = (
				Info.plist,
			);
			target = 282279AA2D73DE5500583E2C /* Recipes */;
		};
/* End PBXFileSystemSynchronizedBuildFileExceptionSet section */

/* Begin PBXFileSystemSynchronizedRootGroup section */
		281E0A132D7C47D900217DE5 /* SnapshotTests */ = {
			isa = PBXFileSystemSynchronizedRootGroup;
			exceptions = (
				2858F41E2D7C4C6200F211D0 /* Exceptions for "SnapshotTests" folder in "RecipesTests" target */,
			);
			path = SnapshotTests;
			sourceTree = "<group>";
		};
		282279AD2D73DE5500583E2C /* Recipes */ = {
			isa = PBXFileSystemSynchronizedRootGroup;
			exceptions = (
				289615792DDDD497007A77AD /* Exceptions for "Recipes" folder in "Recipes" target */,
			);
			path = Recipes;
			sourceTree = "<group>";
		};
		282279BE2D73DE5700583E2C /* RecipesTests */ = {
			isa = PBXFileSystemSynchronizedRootGroup;
			path = RecipesTests;
			sourceTree = "<group>";
		};
		282279C82D73DE5700583E2C /* RecipesUITests */ = {
			isa = PBXFileSystemSynchronizedRootGroup;
			path = RecipesUITests;
			sourceTree = "<group>";
		};
/* End PBXFileSystemSynchronizedRootGroup section */

/* Begin PBXFrameworksBuildPhase section */
		282279A82D73DE5500583E2C /* Frameworks */ = {
			isa = PBXFrameworksBuildPhase;
			buildActionMask = 2147483647;
			files = (
				286812762DDB713A009CB591 /* RecipeFlow.framework in Frameworks */,
				2886A2932DDC884C000ABF6E /* RecipeCore.framework in Frameworks */,
				2886A3682DDD0F28000ABF6E /* RecipeNetworking.framework in Frameworks */,
				282279DA2D73DF7F00583E2C /* Kingfisher in Frameworks */,
				2886A2902DDC7E8A000ABF6E /* RecipeData.framework in Frameworks */,
				28DB86E12DDB41E900FD3253 /* RecipeUI.framework in Frameworks */,
			);
			runOnlyForDeploymentPostprocessing = 0;
		};
		282279B82D73DE5700583E2C /* Frameworks */ = {
			isa = PBXFrameworksBuildPhase;
			buildActionMask = 2147483647;
			files = (
				284528BB2D7C54430095C793 /* InlineSnapshotTesting in Frameworks */,
				284528BD2D7C54430095C793 /* SnapshotTesting in Frameworks */,
			);
			runOnlyForDeploymentPostprocessing = 0;
		};
		282279C22D73DE5700583E2C /* Frameworks */ = {
			isa = PBXFrameworksBuildPhase;
			buildActionMask = 2147483647;
			files = (
			);
			runOnlyForDeploymentPostprocessing = 0;
		};
/* End PBXFrameworksBuildPhase section */

/* Begin PBXGroup section */
		282279A22D73DE5500583E2C = {
			isa = PBXGroup;
			children = (
				282279AD2D73DE5500583E2C /* Recipes */,
				282279BE2D73DE5700583E2C /* RecipesTests */,
				282279C82D73DE5700583E2C /* RecipesUITests */,
				281E0A132D7C47D900217DE5 /* SnapshotTests */,
				28227A492D73E8E200583E2C /* Frameworks */,
				282279AC2D73DE5500583E2C /* Products */,
			);
			sourceTree = "<group>";
		};
		282279AC2D73DE5500583E2C /* Products */ = {
			isa = PBXGroup;
			children = (
				282279AB2D73DE5500583E2C /* Recipes.app */,
				282279BB2D73DE5700583E2C /* RecipesTests.xctest */,
				282279C52D73DE5700583E2C /* RecipesUITests.xctest */,
			);
			name = Products;
			sourceTree = "<group>";
		};
		28227A492D73E8E200583E2C /* Frameworks */ = {
			isa = PBXGroup;
			children = (
				2886A3672DDD0F28000ABF6E /* RecipeNetworking.framework */,
				2886A2922DDC884C000ABF6E /* RecipeCore.framework */,
				286812752DDB713A009CB591 /* RecipeFlow.framework */,
				2868125E2DDB694F009CB591 /* RecipeData.framework */,
				28DB86E02DDB41E900FD3253 /* RecipeUI.framework */,
				2845C2CF2DDB40C0007EA66D /* RecipeData.framework */,
				2845C2D02DDB40C0007EA66D /* RecipeDomain.framework */,
				2845C2D12DDB40C0007EA66D /* RecipeFlow.framework */,
				2845C2D22DDB40C0007EA66D /* RecipeNetworking.framework */,
				2845C2D32DDB40C0007EA66D /* RecipeUI.framework */,
			);
			name = Frameworks;
			sourceTree = "<group>";
		};
/* End PBXGroup section */

/* Begin PBXNativeTarget section */
		282279AA2D73DE5500583E2C /* Recipes */ = {
			isa = PBXNativeTarget;
			buildConfigurationList = 282279CF2D73DE5700583E2C /* Build configuration list for PBXNativeTarget "Recipes" */;
			buildPhases = (
				282279A72D73DE5500583E2C /* Sources */,
				282279A82D73DE5500583E2C /* Frameworks */,
				282279A92D73DE5500583E2C /* Resources */,
				28DB86E32DDB41E900FD3253 /* Embed Frameworks */,
			);
			buildRules = (
			);
			dependencies = (
			);
			fileSystemSynchronizedGroups = (
				282279AD2D73DE5500583E2C /* Recipes */,
			);
			name = Recipes;
			packageProductDependencies = (
				282279D92D73DF7F00583E2C /* Kingfisher */,
			);
			productName = Recipes;
			productReference = 282279AB2D73DE5500583E2C /* Recipes.app */;
			productType = "com.apple.product-type.application";
		};
		282279BA2D73DE5700583E2C /* RecipesTests */ = {
			isa = PBXNativeTarget;
			buildConfigurationList = 282279D22D73DE5700583E2C /* Build configuration list for PBXNativeTarget "RecipesTests" */;
			buildPhases = (
				282279B72D73DE5700583E2C /* Sources */,
				282279B82D73DE5700583E2C /* Frameworks */,
				282279B92D73DE5700583E2C /* Resources */,
			);
			buildRules = (
			);
			dependencies = (
				282279BD2D73DE5700583E2C /* PBXTargetDependency */,
			);
			fileSystemSynchronizedGroups = (
				282279BE2D73DE5700583E2C /* RecipesTests */,
			);
			name = RecipesTests;
			packageProductDependencies = (
				284528BA2D7C54430095C793 /* InlineSnapshotTesting */,
				284528BC2D7C54430095C793 /* SnapshotTesting */,
			);
			productName = RecipesTests;
			productReference = 282279BB2D73DE5700583E2C /* RecipesTests.xctest */;
			productType = "com.apple.product-type.bundle.unit-test";
		};
		282279C42D73DE5700583E2C /* RecipesUITests */ = {
			isa = PBXNativeTarget;
			buildConfigurationList = 282279D52D73DE5700583E2C /* Build configuration list for PBXNativeTarget "RecipesUITests" */;
			buildPhases = (
				282279C12D73DE5700583E2C /* Sources */,
				282279C22D73DE5700583E2C /* Frameworks */,
				282279C32D73DE5700583E2C /* Resources */,
			);
			buildRules = (
			);
			dependencies = (
				282279C72D73DE5700583E2C /* PBXTargetDependency */,
			);
			fileSystemSynchronizedGroups = (
				281E0A132D7C47D900217DE5 /* SnapshotTests */,
				282279C82D73DE5700583E2C /* RecipesUITests */,
			);
			name = RecipesUITests;
			packageProductDependencies = (
			);
			productName = RecipesUITests;
			productReference = 282279C52D73DE5700583E2C /* RecipesUITests.xctest */;
			productType = "com.apple.product-type.bundle.ui-testing";
		};
/* End PBXNativeTarget section */

/* Begin PBXProject section */
		282279A32D73DE5500583E2C /* Project object */ = {
			isa = PBXProject;
			attributes = {
				BuildIndependentTargetsInParallel = 1;
				LastSwiftUpdateCheck = 1620;
				LastUpgradeCheck = 1620;
				TargetAttributes = {
					282279AA2D73DE5500583E2C = {
						CreatedOnToolsVersion = 16.2;
					};
					282279BA2D73DE5700583E2C = {
						CreatedOnToolsVersion = 16.2;
						LastSwiftMigration = 1620;
						TestTargetID = 282279AA2D73DE5500583E2C;
					};
					282279C42D73DE5700583E2C = {
						CreatedOnToolsVersion = 16.2;
						TestTargetID = 282279AA2D73DE5500583E2C;
					};
				};
			};
			buildConfigurationList = 282279A62D73DE5500583E2C /* Build configuration list for PBXProject "Recipes" */;
			developmentRegion = en;
			hasScannedForEncodings = 0;
			knownRegions = (
				en,
				Base,
				pl,
			);
			mainGroup = 282279A22D73DE5500583E2C;
			minimizedProjectReferenceProxies = 1;
			packageReferences = (
				282279D82D73DF7F00583E2C /* XCRemoteSwiftPackageReference "Kingfisher" */,
				284528B92D7C54430095C793 /* XCRemoteSwiftPackageReference "swift-snapshot-testing" */,
			);
			preferredProjectObjectVersion = 77;
			productRefGroup = 282279AC2D73DE5500583E2C /* Products */;
			projectDirPath = "";
			projectRoot = "";
			targets = (
				282279AA2D73DE5500583E2C /* Recipes */,
				282279BA2D73DE5700583E2C /* RecipesTests */,
				282279C42D73DE5700583E2C /* RecipesUITests */,
			);
		};
/* End PBXProject section */

/* Begin PBXResourcesBuildPhase section */
		282279A92D73DE5500583E2C /* Resources */ = {
			isa = PBXResourcesBuildPhase;
			buildActionMask = 2147483647;
			files = (
			);
			runOnlyForDeploymentPostprocessing = 0;
		};
		282279B92D73DE5700583E2C /* Resources */ = {
			isa = PBXResourcesBuildPhase;
			buildActionMask = 2147483647;
			files = (
			);
			runOnlyForDeploymentPostprocessing = 0;
		};
		282279C32D73DE5700583E2C /* Resources */ = {
			isa = PBXResourcesBuildPhase;
			buildActionMask = 2147483647;
			files = (
			);
			runOnlyForDeploymentPostprocessing = 0;
		};
/* End PBXResourcesBuildPhase section */

/* Begin PBXSourcesBuildPhase section */
		282279A72D73DE5500583E2C /* Sources */ = {
			isa = PBXSourcesBuildPhase;
			buildActionMask = 2147483647;
			files = (
			);
			runOnlyForDeploymentPostprocessing = 0;
		};
		282279B72D73DE5700583E2C /* Sources */ = {
			isa = PBXSourcesBuildPhase;
			buildActionMask = 2147483647;
			files = (
			);
			runOnlyForDeploymentPostprocessing = 0;
		};
		282279C12D73DE5700583E2C /* Sources */ = {
			isa = PBXSourcesBuildPhase;
			buildActionMask = 2147483647;
			files = (
			);
			runOnlyForDeploymentPostprocessing = 0;
		};
/* End PBXSourcesBuildPhase section */

/* Begin PBXTargetDependency section */
		282279BD2D73DE5700583E2C /* PBXTargetDependency */ = {
			isa = PBXTargetDependency;
			target = 282279AA2D73DE5500583E2C /* Recipes */;
			targetProxy = 282279BC2D73DE5700583E2C /* PBXContainerItemProxy */;
		};
		282279C72D73DE5700583E2C /* PBXTargetDependency */ = {
			isa = PBXTargetDependency;
			target = 282279AA2D73DE5500583E2C /* Recipes */;
			targetProxy = 282279C62D73DE5700583E2C /* PBXContainerItemProxy */;
		};
/* End PBXTargetDependency section */

/* Begin XCBuildConfiguration section */
		282279CD2D73DE5700583E2C /* Debug */ = {
			isa = XCBuildConfiguration;
			buildSettings = {
				ALWAYS_SEARCH_USER_PATHS = NO;
				ASSETCATALOG_COMPILER_GENERATE_SWIFT_ASSET_SYMBOL_EXTENSIONS = YES;
				CLANG_ANALYZER_NONNULL = YES;
				CLANG_ANALYZER_NUMBER_OBJECT_CONVERSION = YES_AGGRESSIVE;
				CLANG_CXX_LANGUAGE_STANDARD = "gnu++20";
				CLANG_ENABLE_MODULES = YES;
				CLANG_ENABLE_OBJC_ARC = YES;
				CLANG_ENABLE_OBJC_WEAK = YES;
				CLANG_WARN_BLOCK_CAPTURE_AUTORELEASING = YES;
				CLANG_WARN_BOOL_CONVERSION = YES;
				CLANG_WARN_COMMA = YES;
				CLANG_WARN_CONSTANT_CONVERSION = YES;
				CLANG_WARN_DEPRECATED_OBJC_IMPLEMENTATIONS = YES;
				CLANG_WARN_DIRECT_OBJC_ISA_USAGE = YES_ERROR;
				CLANG_WARN_DOCUMENTATION_COMMENTS = YES;
				CLANG_WARN_EMPTY_BODY = YES;
				CLANG_WARN_ENUM_CONVERSION = YES;
				CLANG_WARN_INFINITE_RECURSION = YES;
				CLANG_WARN_INT_CONVERSION = YES;
				CLANG_WARN_NON_LITERAL_NULL_CONVERSION = YES;
				CLANG_WARN_OBJC_IMPLICIT_RETAIN_SELF = YES;
				CLANG_WARN_OBJC_LITERAL_CONVERSION = YES;
				CLANG_WARN_OBJC_ROOT_CLASS = YES_ERROR;
				CLANG_WARN_QUOTED_INCLUDE_IN_FRAMEWORK_HEADER = YES;
				CLANG_WARN_RANGE_LOOP_ANALYSIS = YES;
				CLANG_WARN_STRICT_PROTOTYPES = YES;
				CLANG_WARN_SUSPICIOUS_MOVE = YES;
				CLANG_WARN_UNGUARDED_AVAILABILITY = YES_AGGRESSIVE;
				CLANG_WARN_UNREACHABLE_CODE = YES;
				CLANG_WARN__DUPLICATE_METHOD_MATCH = YES;
				COPY_PHASE_STRIP = NO;
				DEBUG_INFORMATION_FORMAT = dwarf;
				ENABLE_STRICT_OBJC_MSGSEND = YES;
				ENABLE_TESTABILITY = YES;
				ENABLE_USER_SCRIPT_SANDBOXING = YES;
				GCC_C_LANGUAGE_STANDARD = gnu17;
				GCC_DYNAMIC_NO_PIC = NO;
				GCC_NO_COMMON_BLOCKS = YES;
				GCC_OPTIMIZATION_LEVEL = 0;
				GCC_PREPROCESSOR_DEFINITIONS = (
					"DEBUG=1",
					"$(inherited)",
				);
				GCC_WARN_64_TO_32_BIT_CONVERSION = YES;
				GCC_WARN_ABOUT_RETURN_TYPE = YES_ERROR;
				GCC_WARN_UNDECLARED_SELECTOR = YES;
				GCC_WARN_UNINITIALIZED_AUTOS = YES_AGGRESSIVE;
				GCC_WARN_UNUSED_FUNCTION = YES;
				GCC_WARN_UNUSED_VARIABLE = YES;
				IPHONEOS_DEPLOYMENT_TARGET = 18.2;
				LOCALIZATION_PREFERS_STRING_CATALOGS = YES;
				MTL_ENABLE_DEBUG_INFO = INCLUDE_SOURCE;
				MTL_FAST_MATH = YES;
				ONLY_ACTIVE_ARCH = YES;
				SDKROOT = iphoneos;
				SWIFT_ACTIVE_COMPILATION_CONDITIONS = "DEBUG $(inherited)";
				SWIFT_EMIT_LOC_STRINGS = YES;
				SWIFT_OPTIMIZATION_LEVEL = "-Onone";
			};
			name = Debug;
		};
		282279CE2D73DE5700583E2C /* Release */ = {
			isa = XCBuildConfiguration;
			buildSettings = {
				ALWAYS_SEARCH_USER_PATHS = NO;
				ASSETCATALOG_COMPILER_GENERATE_SWIFT_ASSET_SYMBOL_EXTENSIONS = YES;
				CLANG_ANALYZER_NONNULL = YES;
				CLANG_ANALYZER_NUMBER_OBJECT_CONVERSION = YES_AGGRESSIVE;
				CLANG_CXX_LANGUAGE_STANDARD = "gnu++20";
				CLANG_ENABLE_MODULES = YES;
				CLANG_ENABLE_OBJC_ARC = YES;
				CLANG_ENABLE_OBJC_WEAK = YES;
				CLANG_WARN_BLOCK_CAPTURE_AUTORELEASING = YES;
				CLANG_WARN_BOOL_CONVERSION = YES;
				CLANG_WARN_COMMA = YES;
				CLANG_WARN_CONSTANT_CONVERSION = YES;
				CLANG_WARN_DEPRECATED_OBJC_IMPLEMENTATIONS = YES;
				CLANG_WARN_DIRECT_OBJC_ISA_USAGE = YES_ERROR;
				CLANG_WARN_DOCUMENTATION_COMMENTS = YES;
				CLANG_WARN_EMPTY_BODY = YES;
				CLANG_WARN_ENUM_CONVERSION = YES;
				CLANG_WARN_INFINITE_RECURSION = YES;
				CLANG_WARN_INT_CONVERSION = YES;
				CLANG_WARN_NON_LITERAL_NULL_CONVERSION = YES;
				CLANG_WARN_OBJC_IMPLICIT_RETAIN_SELF = YES;
				CLANG_WARN_OBJC_LITERAL_CONVERSION = YES;
				CLANG_WARN_OBJC_ROOT_CLASS = YES_ERROR;
				CLANG_WARN_QUOTED_INCLUDE_IN_FRAMEWORK_HEADER = YES;
				CLANG_WARN_RANGE_LOOP_ANALYSIS = YES;
				CLANG_WARN_STRICT_PROTOTYPES = YES;
				CLANG_WARN_SUSPICIOUS_MOVE = YES;
				CLANG_WARN_UNGUARDED_AVAILABILITY = YES_AGGRESSIVE;
				CLANG_WARN_UNREACHABLE_CODE = YES;
				CLANG_WARN__DUPLICATE_METHOD_MATCH = YES;
				COPY_PHASE_STRIP = NO;
				DEBUG_INFORMATION_FORMAT = "dwarf-with-dsym";
				ENABLE_NS_ASSERTIONS = NO;
				ENABLE_STRICT_OBJC_MSGSEND = YES;
				ENABLE_USER_SCRIPT_SANDBOXING = YES;
				GCC_C_LANGUAGE_STANDARD = gnu17;
				GCC_NO_COMMON_BLOCKS = YES;
				GCC_WARN_64_TO_32_BIT_CONVERSION = YES;
				GCC_WARN_ABOUT_RETURN_TYPE = YES_ERROR;
				GCC_WARN_UNDECLARED_SELECTOR = YES;
				GCC_WARN_UNINITIALIZED_AUTOS = YES_AGGRESSIVE;
				GCC_WARN_UNUSED_FUNCTION = YES;
				GCC_WARN_UNUSED_VARIABLE = YES;
				IPHONEOS_DEPLOYMENT_TARGET = 18.2;
				LOCALIZATION_PREFERS_STRING_CATALOGS = YES;
				MTL_ENABLE_DEBUG_INFO = NO;
				MTL_FAST_MATH = YES;
				SDKROOT = iphoneos;
				SWIFT_COMPILATION_MODE = wholemodule;
				SWIFT_EMIT_LOC_STRINGS = YES;
				VALIDATE_PRODUCT = YES;
			};
			name = Release;
		};
		282279D02D73DE5700583E2C /* Debug */ = {
			isa = XCBuildConfiguration;
			baseConfigurationReferenceAnchor = 282279AD2D73DE5500583E2C /* Recipes */;
			baseConfigurationReferenceRelativePath = "Configurations/Recipe-Debug.xcconfig";
			buildSettings = {
				ASSETCATALOG_COMPILER_APPICON_NAME = AppIcon;
				ASSETCATALOG_COMPILER_GLOBAL_ACCENT_COLOR_NAME = AccentColor;
				CODE_SIGN_STYLE = Automatic;
				CURRENT_PROJECT_VERSION = 1;
				DEVELOPMENT_ASSET_PATHS = "\"Recipes/Preview Content\"";
				DEVELOPMENT_TEAM = HJ3Z6VF27F;
				ENABLE_PREVIEWS = YES;
				GENERATE_INFOPLIST_FILE = YES;
				INFOPLIST_FILE = Recipes/Info.plist;
				INFOPLIST_KEY_UIApplicationSceneManifest_Generation = YES;
				INFOPLIST_KEY_UIApplicationSupportsIndirectInputEvents = YES;
				INFOPLIST_KEY_UILaunchScreen_Generation = YES;
				INFOPLIST_KEY_UISupportedInterfaceOrientations_iPad = "UIInterfaceOrientationPortrait UIInterfaceOrientationPortraitUpsideDown UIInterfaceOrientationLandscapeLeft UIInterfaceOrientationLandscapeRight";
				INFOPLIST_KEY_UISupportedInterfaceOrientations_iPhone = "UIInterfaceOrientationPortrait UIInterfaceOrientationLandscapeLeft UIInterfaceOrientationLandscapeRight";
				INFOPLIST_KEY_UIUserInterfaceStyle = Light;
				LD_RUNPATH_SEARCH_PATHS = (
					"$(inherited)",
					"@executable_path/Frameworks",
				);
				MARKETING_VERSION = 1.0;
				PRODUCT_BUNDLE_IDENTIFIER = "$(BUNDLE_IDENTIFIER)";
				PRODUCT_NAME = "$(TARGET_NAME)";
				SWIFT_EMIT_LOC_STRINGS = YES;
				SWIFT_VERSION = 6.0;
				TARGETED_DEVICE_FAMILY = "1,2";
			};
			name = Debug;
		};
		282279D12D73DE5700583E2C /* Release */ = {
			isa = XCBuildConfiguration;
			baseConfigurationReferenceAnchor = 282279AD2D73DE5500583E2C /* Recipes */;
			baseConfigurationReferenceRelativePath = "Configurations/Recipe-Release.xcconfig";
			buildSettings = {
				ASSETCATALOG_COMPILER_APPICON_NAME = AppIcon;
				ASSETCATALOG_COMPILER_GLOBAL_ACCENT_COLOR_NAME = AccentColor;
				CODE_SIGN_STYLE = Automatic;
				CURRENT_PROJECT_VERSION = 1;
				DEVELOPMENT_ASSET_PATHS = "\"Recipes/Preview Content\"";
				DEVELOPMENT_TEAM = HJ3Z6VF27F;
				ENABLE_PREVIEWS = YES;
				GENERATE_INFOPLIST_FILE = YES;
				INFOPLIST_FILE = Recipes/Info.plist;
				INFOPLIST_KEY_UIApplicationSceneManifest_Generation = YES;
				INFOPLIST_KEY_UIApplicationSupportsIndirectInputEvents = YES;
				INFOPLIST_KEY_UILaunchScreen_Generation = YES;
				INFOPLIST_KEY_UISupportedInterfaceOrientations_iPad = "UIInterfaceOrientationPortrait UIInterfaceOrientationPortraitUpsideDown UIInterfaceOrientationLandscapeLeft UIInterfaceOrientationLandscapeRight";
				INFOPLIST_KEY_UISupportedInterfaceOrientations_iPhone = "UIInterfaceOrientationPortrait UIInterfaceOrientationLandscapeLeft UIInterfaceOrientationLandscapeRight";
				INFOPLIST_KEY_UIUserInterfaceStyle = Light;
				LD_RUNPATH_SEARCH_PATHS = (
					"$(inherited)",
					"@executable_path/Frameworks",
				);
				MARKETING_VERSION = 1.0;
				PRODUCT_BUNDLE_IDENTIFIER = "$(BUNDLE_IDENTIFIER)";
				PRODUCT_NAME = "$(TARGET_NAME)";
				SWIFT_EMIT_LOC_STRINGS = YES;
				SWIFT_VERSION = 6.0;
				TARGETED_DEVICE_FAMILY = "1,2";
			};
			name = Release;
		};
		282279D32D73DE5700583E2C /* Debug */ = {
			isa = XCBuildConfiguration;
			buildSettings = {
				BUNDLE_LOADER = "$(TEST_HOST)";
				CLANG_ENABLE_MODULES = YES;
				CODE_SIGN_STYLE = Automatic;
				CURRENT_PROJECT_VERSION = 1;
				GENERATE_INFOPLIST_FILE = YES;
				IPHONEOS_DEPLOYMENT_TARGET = 18.2;
				MARKETING_VERSION = 1.0;
				PRODUCT_BUNDLE_IDENTIFIER = com.spice.recipes.RecipesTests;
				PRODUCT_NAME = "$(TARGET_NAME)";
				SWIFT_EMIT_LOC_STRINGS = NO;
				SWIFT_OPTIMIZATION_LEVEL = "-Onone";
				SWIFT_VERSION = 5.0;
				TARGETED_DEVICE_FAMILY = "1,2";
				TEST_HOST = "$(BUILT_PRODUCTS_DIR)/Recipes.app/$(BUNDLE_EXECUTABLE_FOLDER_PATH)/Recipes";
			};
			name = Debug;
		};
		282279D42D73DE5700583E2C /* Release */ = {
			isa = XCBuildConfiguration;
			buildSettings = {
				BUNDLE_LOADER = "$(TEST_HOST)";
				CLANG_ENABLE_MODULES = YES;
				CODE_SIGN_STYLE = Automatic;
				CURRENT_PROJECT_VERSION = 1;
				GENERATE_INFOPLIST_FILE = YES;
				IPHONEOS_DEPLOYMENT_TARGET = 18.2;
				MARKETING_VERSION = 1.0;
				PRODUCT_BUNDLE_IDENTIFIER = com.spice.recipes.RecipesTests;
				PRODUCT_NAME = "$(TARGET_NAME)";
				SWIFT_EMIT_LOC_STRINGS = NO;
				SWIFT_VERSION = 5.0;
				TARGETED_DEVICE_FAMILY = "1,2";
				TEST_HOST = "$(BUILT_PRODUCTS_DIR)/Recipes.app/$(BUNDLE_EXECUTABLE_FOLDER_PATH)/Recipes";
			};
			name = Release;
		};
		282279D62D73DE5700583E2C /* Debug */ = {
			isa = XCBuildConfiguration;
			buildSettings = {
				CODE_SIGN_STYLE = Automatic;
				CURRENT_PROJECT_VERSION = 1;
				GENERATE_INFOPLIST_FILE = YES;
				MARKETING_VERSION = 1.0;
				PRODUCT_BUNDLE_IDENTIFIER = com.spice.recipes.RecipesUITests;
				PRODUCT_NAME = "$(TARGET_NAME)";
				SWIFT_EMIT_LOC_STRINGS = NO;
				SWIFT_VERSION = 5.0;
				TARGETED_DEVICE_FAMILY = "1,2";
				TEST_TARGET_NAME = Recipes;
			};
			name = Debug;
		};
		282279D72D73DE5700583E2C /* Release */ = {
			isa = XCBuildConfiguration;
			buildSettings = {
				CODE_SIGN_STYLE = Automatic;
				CURRENT_PROJECT_VERSION = 1;
				GENERATE_INFOPLIST_FILE = YES;
				MARKETING_VERSION = 1.0;
				PRODUCT_BUNDLE_IDENTIFIER = com.spice.recipes.RecipesUITests;
				PRODUCT_NAME = "$(TARGET_NAME)";
				SWIFT_EMIT_LOC_STRINGS = NO;
				SWIFT_VERSION = 5.0;
				TARGETED_DEVICE_FAMILY = "1,2";
				TEST_TARGET_NAME = Recipes;
			};
			name = Release;
		};
		289615712DDDCDD0007A77AD /* Staging */ = {
			isa = XCBuildConfiguration;
			buildSettings = {
				ALWAYS_SEARCH_USER_PATHS = NO;
				ASSETCATALOG_COMPILER_GENERATE_SWIFT_ASSET_SYMBOL_EXTENSIONS = YES;
				CLANG_ANALYZER_NONNULL = YES;
				CLANG_ANALYZER_NUMBER_OBJECT_CONVERSION = YES_AGGRESSIVE;
				CLANG_CXX_LANGUAGE_STANDARD = "gnu++20";
				CLANG_ENABLE_MODULES = YES;
				CLANG_ENABLE_OBJC_ARC = YES;
				CLANG_ENABLE_OBJC_WEAK = YES;
				CLANG_WARN_BLOCK_CAPTURE_AUTORELEASING = YES;
				CLANG_WARN_BOOL_CONVERSION = YES;
				CLANG_WARN_COMMA = YES;
				CLANG_WARN_CONSTANT_CONVERSION = YES;
				CLANG_WARN_DEPRECATED_OBJC_IMPLEMENTATIONS = YES;
				CLANG_WARN_DIRECT_OBJC_ISA_USAGE = YES_ERROR;
				CLANG_WARN_DOCUMENTATION_COMMENTS = YES;
				CLANG_WARN_EMPTY_BODY = YES;
				CLANG_WARN_ENUM_CONVERSION = YES;
				CLANG_WARN_INFINITE_RECURSION = YES;
				CLANG_WARN_INT_CONVERSION = YES;
				CLANG_WARN_NON_LITERAL_NULL_CONVERSION = YES;
				CLANG_WARN_OBJC_IMPLICIT_RETAIN_SELF = YES;
				CLANG_WARN_OBJC_LITERAL_CONVERSION = YES;
				CLANG_WARN_OBJC_ROOT_CLASS = YES_ERROR;
				CLANG_WARN_QUOTED_INCLUDE_IN_FRAMEWORK_HEADER = YES;
				CLANG_WARN_RANGE_LOOP_ANALYSIS = YES;
				CLANG_WARN_STRICT_PROTOTYPES = YES;
				CLANG_WARN_SUSPICIOUS_MOVE = YES;
				CLANG_WARN_UNGUARDED_AVAILABILITY = YES_AGGRESSIVE;
				CLANG_WARN_UNREACHABLE_CODE = YES;
				CLANG_WARN__DUPLICATE_METHOD_MATCH = YES;
				COPY_PHASE_STRIP = NO;
				DEBUG_INFORMATION_FORMAT = dwarf;
				ENABLE_STRICT_OBJC_MSGSEND = YES;
				ENABLE_TESTABILITY = YES;
				ENABLE_USER_SCRIPT_SANDBOXING = YES;
				GCC_C_LANGUAGE_STANDARD = gnu17;
				GCC_DYNAMIC_NO_PIC = NO;
				GCC_NO_COMMON_BLOCKS = YES;
				GCC_OPTIMIZATION_LEVEL = 0;
				GCC_PREPROCESSOR_DEFINITIONS = (
					"DEBUG=1",
					"$(inherited)",
				);
				GCC_WARN_64_TO_32_BIT_CONVERSION = YES;
				GCC_WARN_ABOUT_RETURN_TYPE = YES_ERROR;
				GCC_WARN_UNDECLARED_SELECTOR = YES;
				GCC_WARN_UNINITIALIZED_AUTOS = YES_AGGRESSIVE;
				GCC_WARN_UNUSED_FUNCTION = YES;
				GCC_WARN_UNUSED_VARIABLE = YES;
				IPHONEOS_DEPLOYMENT_TARGET = 18.2;
				LOCALIZATION_PREFERS_STRING_CATALOGS = YES;
				MTL_ENABLE_DEBUG_INFO = INCLUDE_SOURCE;
				MTL_FAST_MATH = YES;
				ONLY_ACTIVE_ARCH = YES;
				SDKROOT = iphoneos;
				SWIFT_ACTIVE_COMPILATION_CONDITIONS = "DEBUG $(inherited)";
				SWIFT_EMIT_LOC_STRINGS = YES;
				SWIFT_OPTIMIZATION_LEVEL = "-Onone";
			};
			name = Staging;
		};
		289615722DDDCDD0007A77AD /* Staging */ = {
			isa = XCBuildConfiguration;
			baseConfigurationReferenceAnchor = 282279AD2D73DE5500583E2C /* Recipes */;
			baseConfigurationReferenceRelativePath = "Configurations/Recipe-Staging.xcconfig";
			buildSettings = {
				ASSETCATALOG_COMPILER_APPICON_NAME = AppIcon;
				ASSETCATALOG_COMPILER_GLOBAL_ACCENT_COLOR_NAME = AccentColor;
				CODE_SIGN_STYLE = Automatic;
				CURRENT_PROJECT_VERSION = 1;
				DEVELOPMENT_ASSET_PATHS = "\"Recipes/Preview Content\"";
				DEVELOPMENT_TEAM = HJ3Z6VF27F;
				ENABLE_PREVIEWS = YES;
				GENERATE_INFOPLIST_FILE = YES;
				INFOPLIST_FILE = Recipes/Info.plist;
				INFOPLIST_KEY_UIApplicationSceneManifest_Generation = YES;
				INFOPLIST_KEY_UIApplicationSupportsIndirectInputEvents = YES;
				INFOPLIST_KEY_UILaunchScreen_Generation = YES;
				INFOPLIST_KEY_UISupportedInterfaceOrientations_iPad = "UIInterfaceOrientationPortrait UIInterfaceOrientationPortraitUpsideDown UIInterfaceOrientationLandscapeLeft UIInterfaceOrientationLandscapeRight";
				INFOPLIST_KEY_UISupportedInterfaceOrientations_iPhone = "UIInterfaceOrientationPortrait UIInterfaceOrientationLandscapeLeft UIInterfaceOrientationLandscapeRight";
				INFOPLIST_KEY_UIUserInterfaceStyle = Light;
				LD_RUNPATH_SEARCH_PATHS = (
					"$(inherited)",
					"@executable_path/Frameworks",
				);
				MARKETING_VERSION = 1.0;
				PRODUCT_BUNDLE_IDENTIFIER = "$(BUNDLE_IDENTIFIER)";
				PRODUCT_NAME = "$(TARGET_NAME)";
				SWIFT_EMIT_LOC_STRINGS = YES;
				SWIFT_VERSION = 6.0;
				TARGETED_DEVICE_FAMILY = "1,2";
			};
			name = Staging;
		};
		289615732DDDCDD0007A77AD /* Staging */ = {
			isa = XCBuildConfiguration;
			buildSettings = {
				BUNDLE_LOADER = "$(TEST_HOST)";
				CLANG_ENABLE_MODULES = YES;
				CODE_SIGN_STYLE = Automatic;
				CURRENT_PROJECT_VERSION = 1;
				GENERATE_INFOPLIST_FILE = YES;
				IPHONEOS_DEPLOYMENT_TARGET = 18.2;
				MARKETING_VERSION = 1.0;
				PRODUCT_BUNDLE_IDENTIFIER = com.spice.recipes.RecipesTests;
				PRODUCT_NAME = "$(TARGET_NAME)";
				SWIFT_EMIT_LOC_STRINGS = NO;
				SWIFT_OPTIMIZATION_LEVEL = "-Onone";
				SWIFT_VERSION = 5.0;
				TARGETED_DEVICE_FAMILY = "1,2";
				TEST_HOST = "$(BUILT_PRODUCTS_DIR)/Recipes.app/$(BUNDLE_EXECUTABLE_FOLDER_PATH)/Recipes";
			};
			name = Staging;
		};
		289615742DDDCDD0007A77AD /* Staging */ = {
			isa = XCBuildConfiguration;
			buildSettings = {
				CODE_SIGN_STYLE = Automatic;
				CURRENT_PROJECT_VERSION = 1;
				GENERATE_INFOPLIST_FILE = YES;
				MARKETING_VERSION = 1.0;
				PRODUCT_BUNDLE_IDENTIFIER = com.spice.recipes.RecipesUITests;
				PRODUCT_NAME = "$(TARGET_NAME)";
				SWIFT_EMIT_LOC_STRINGS = NO;
				SWIFT_VERSION = 5.0;
				TARGETED_DEVICE_FAMILY = "1,2";
				TEST_TARGET_NAME = Recipes;
			};
			name = Staging;
		};
/* End XCBuildConfiguration section */

/* Begin XCConfigurationList section */
		282279A62D73DE5500583E2C /* Build configuration list for PBXProject "Recipes" */ = {
			isa = XCConfigurationList;
			buildConfigurations = (
				282279CD2D73DE5700583E2C /* Debug */,
				289615712DDDCDD0007A77AD /* Staging */,
				282279CE2D73DE5700583E2C /* Release */,
			);
			defaultConfigurationIsVisible = 0;
			defaultConfigurationName = Release;
		};
		282279CF2D73DE5700583E2C /* Build configuration list for PBXNativeTarget "Recipes" */ = {
			isa = XCConfigurationList;
			buildConfigurations = (
				282279D02D73DE5700583E2C /* Debug */,
				289615722DDDCDD0007A77AD /* Staging */,
				282279D12D73DE5700583E2C /* Release */,
			);
			defaultConfigurationIsVisible = 0;
			defaultConfigurationName = Release;
		};
		282279D22D73DE5700583E2C /* Build configuration list for PBXNativeTarget "RecipesTests" */ = {
			isa = XCConfigurationList;
			buildConfigurations = (
				282279D32D73DE5700583E2C /* Debug */,
				289615732DDDCDD0007A77AD /* Staging */,
				282279D42D73DE5700583E2C /* Release */,
			);
			defaultConfigurationIsVisible = 0;
			defaultConfigurationName = Release;
		};
		282279D52D73DE5700583E2C /* Build configuration list for PBXNativeTarget "RecipesUITests" */ = {
			isa = XCConfigurationList;
			buildConfigurations = (
				282279D62D73DE5700583E2C /* Debug */,
				289615742DDDCDD0007A77AD /* Staging */,
				282279D72D73DE5700583E2C /* Release */,
			);
			defaultConfigurationIsVisible = 0;
			defaultConfigurationName = Release;
		};
/* End XCConfigurationList section */

/* Begin XCRemoteSwiftPackageReference section */
		282279D82D73DF7F00583E2C /* XCRemoteSwiftPackageReference "Kingfisher" */ = {
			isa = XCRemoteSwiftPackageReference;
			repositoryURL = "https://github.com/onevcat/Kingfisher";
			requirement = {
				kind = upToNextMajorVersion;
				minimumVersion = 8.2.0;
			};
		};
		284528B92D7C54430095C793 /* XCRemoteSwiftPackageReference "swift-snapshot-testing" */ = {
			isa = XCRemoteSwiftPackageReference;
			repositoryURL = "https://github.com/pointfreeco/swift-snapshot-testing";
			requirement = {
				kind = exactVersion;
				version = 1.16.0;
			};
		};
/* End XCRemoteSwiftPackageReference section */

/* Begin XCSwiftPackageProductDependency section */
		282279D92D73DF7F00583E2C /* Kingfisher */ = {
			isa = XCSwiftPackageProductDependency;
			package = 282279D82D73DF7F00583E2C /* XCRemoteSwiftPackageReference "Kingfisher" */;
			productName = Kingfisher;
		};
		284528BA2D7C54430095C793 /* InlineSnapshotTesting */ = {
			isa = XCSwiftPackageProductDependency;
			package = 284528B92D7C54430095C793 /* XCRemoteSwiftPackageReference "swift-snapshot-testing" */;
			productName = InlineSnapshotTesting;
		};
		284528BC2D7C54430095C793 /* SnapshotTesting */ = {
			isa = XCSwiftPackageProductDependency;
			package = 284528B92D7C54430095C793 /* XCRemoteSwiftPackageReference "swift-snapshot-testing" */;
			productName = SnapshotTesting;
		};
/* End XCSwiftPackageProductDependency section */
	};
	rootObject = 282279A32D73DE5500583E2C /* Project object */;
}
